version: 1.0
shards:
  kemal:
    github: kemalcr/kemal
    commit: fc4c97aafd9aa8aa0fe2f112dd8af9f47777b1c9

  kilt:
    github: jeromegn/kilt
    version: 0.4.0

  radix:
    github: luislavena/radix
    version: 0.3.8

  spec-kemal:
    github: kemalcr/spec-kemal
    commit: 05cc810f5f5ed890f16bcb06461000b97c625959

  youtube_retriever:
    github: akiicat/youtube_retriever
    commit: 78d15729cdfaad2210c7a95ac546d643536d8c2e

