version: 1.0
shards:
  kemal:
    github: kemalcr/kemal
    commit: 50f82f51874babe92cbb808013647a7989d54354

  kilt:
    github: jeromegn/kilt
    version: 0.4.0

  radix:
    github: luislavena/radix
    version: 0.3.8

  spec-kemal:
    github: kemalcr/spec-kemal
    commit: 93ab608228ea6619d15555d1c77a3bcff29f1dba

  youtube_retriever:
    github: akiicat/youtube_retriever
    commit: 718083928057d3daf80cd44bcebce2f38ca4a7de

